
Microsoft Visual Studio Solution File, Format Version 12.00
# Visual Studio Version 17
VisualStudioVersion = 17.10.34916.146
MinimumVisualStudioVersion = 10.0.40219.1
Project("{2150E333-8FDC-42A3-9474-1A3956D46DE8}") = "src", "src", "{85C893AA-934F-4175-8C4C-9A24B8595EE7}"
EndProject
Project("{9A19103F-16F7-4668-BE54-9A1E7A4F7556}") = "LibraSoft.Api", "src\LibraSoft.Api\LibraSoft.Api.csproj", "{7DAFA7AC-3FC1-40C2-9490-D95A4B13E5CF}"
EndProject
Project("{9A19103F-16F7-4668-BE54-9A1E7A4F7556}") = "LibraSoft.Core", "src\LibraSoft.Core\LibraSoft.Core.csproj", "{7E3D1251-3EBF-4B4A-BC0A-37DC674229A4}"
EndProject
Global
	GlobalSection(SolutionConfigurationPlatforms) = preSolution
		Debug|Any CPU = Debug|Any CPU
		Release|Any CPU = Release|Any CPU
	EndGlobalSection
	GlobalSection(ProjectConfigurationPlatforms) = postSolution
		{7DAFA7AC-3FC1-40C2-9490-D95A4B13E5CF}.Debug|Any CPU.ActiveCfg = Debug|Any CPU
		{7DAFA7AC-3FC1-40C2-9490-D95A4B13E5CF}.Debug|Any CPU.Build.0 = Debug|Any CPU
		{7DAFA7AC-3FC1-40C2-9490-D95A4B13E5CF}.Release|Any CPU.ActiveCfg = Release|Any CPU
		{7DAFA7AC-3FC1-40C2-9490-D95A4B13E5CF}.Release|Any CPU.Build.0 = Release|Any CPU
		{7E3D1251-3EBF-4B4A-BC0A-37DC674229A4}.Debug|Any CPU.ActiveCfg = Debug|Any CPU
		{7E3D1251-3EBF-4B4A-BC0A-37DC674229A4}.Debug|Any CPU.Build.0 = Debug|Any CPU
		{7E3D1251-3EBF-4B4A-BC0A-37DC674229A4}.Release|Any CPU.ActiveCfg = Release|Any CPU
		{7E3D1251-3EBF-4B4A-BC0A-37DC674229A4}.Release|Any CPU.Build.0 = Release|Any CPU
	EndGlobalSection
	GlobalSection(SolutionProperties) = preSolution
		HideSolutionNode = FALSE
	EndGlobalSection
	GlobalSection(NestedProjects) = preSolution
		{7DAFA7AC-3FC1-40C2-9490-D95A4B13E5CF} = {85C893AA-934F-4175-8C4C-9A24B8595EE7}
		{7E3D1251-3EBF-4B4A-BC0A-37DC674229A4} = {85C893AA-934F-4175-8C4C-9A24B8595EE7}
	EndGlobalSection
	GlobalSection(ExtensibilityGlobals) = postSolution
		SolutionGuid = {4B16DC7F-128C-4F7B-8C2E-F5C550C5017D}
	EndGlobalSection
EndGlobal
